<?xml version="1.0" encoding="UTF-8"?>
<Solution>
	<Configurations>
		<BuildType Name="Debug"/>
		<BuildType Name="Profile"/>
		<BuildType Name="Release"/>
		<Platform Name="x64"/>
	</Configurations>
	<Project Path="ALL_BUILD.vcxproj" Type="8bc9ceb8-8b4a-11d0-8d11-00a0c91bc942" Id="4730a9e6-ac21-3c41-a448-09ccf52a9fc0" DefaultStartup="true">
		<BuildDependency Project="../ZERO_CHECK.vcxproj"/>
		<BuildDependency Project="ja_mes_tool.vcxproj"/>
	</Project>
	<Project Path="INSTALL.vcxproj" Type="8bc9ceb8-8b4a-11d0-8d11-00a0c91bc942" Id="91b6300d-eba5-3f98-9407-36fef2246729">
		<BuildDependency Project="ALL_BUILD.vcxproj"/>
		<BuildDependency Project="../ZERO_CHECK.vcxproj"/>
		<Build Solution="Debug|*" Project="false"/>
		<Build Solution="Profile|*" Project="false"/>
		<Build Solution="Release|*" Project="false"/>
	</Project>
	<Project Path="../ZERO_CHECK.vcxproj" Type="8bc9ceb8-8b4a-11d0-8d11-00a0c91bc942" Id="07b6acfd-3d1d-3d5b-b825-6392913173a4"/>
	<Project Path="../flutter/flutter_assemble.vcxproj" Type="8bc9ceb8-8b4a-11d0-8d11-00a0c91bc942" Id="f9fbd820-57ba-3e69-b332-23a04fdd89d2">
		<BuildDependency Project="../ZERO_CHECK.vcxproj"/>
	</Project>
	<Project Path="../flutter/flutter_wrapper_app.vcxproj" Type="8bc9ceb8-8b4a-11d0-8d11-00a0c91bc942" Id="df762427-240f-3591-bbba-b3907f7b65e3">
		<BuildDependency Project="../ZERO_CHECK.vcxproj"/>
		<BuildDependency Project="../flutter/flutter_assemble.vcxproj"/>
	</Project>
	<Project Path="ja_mes_tool.vcxproj" Type="8bc9ceb8-8b4a-11d0-8d11-00a0c91bc942" Id="730b1b92-d7d3-3633-ba4e-5d32e5c9fd48">
		<BuildDependency Project="../ZERO_CHECK.vcxproj"/>
		<BuildDependency Project="../flutter/flutter_assemble.vcxproj"/>
		<BuildDependency Project="../flutter/flutter_wrapper_app.vcxproj"/>
	</Project>
</Solution>
